// !$*UTF8*$!
{
	archiveVersion = 1;
	classes = {
	};
	objectVersion = 50;
	objects = {

/* Begin PBXBuildFile section */
		541766DD25E53F3C00F4F0EE /* AppDelegate.swift in Sources */ = {isa = PBXBuildFile; fileRef = 541766DC25E53F3C00F4F0EE /* AppDelegate.swift */; };
		541766DF25E53F3C00F4F0EE /* SceneDelegate.swift in Sources */ = {isa = PBXBuildFile; fileRef = 541766DE25E53F3C00F4F0EE /* SceneDelegate.swift */; };
		541766E125E53F3C00F4F0EE /* ViewController.swift in Sources */ = {isa = PBXBuildFile; fileRef = 541766E025E53F3C00F4F0EE /* ViewController.swift */; };
		541766E425E53F3C00F4F0EE /* Main.storyboard in Resources */ = {isa = PBXBuildFile; fileRef = 541766E225E53F3C00F4F0EE /* Main.storyboard */; };
		541766E625E53F3C00F4F0EE /* Assets.xcassets in Resources */ = {isa = PBXBuildFile; fileRef = 541766E525E53F3C00F4F0EE /* Assets.xcassets */; };
		541766E925E53F3C00F4F0EE /* LaunchScreen.storyboard in Resources */ = {isa = PBXBuildFile; fileRef = 541766E725E53F3C00F4F0EE /* LaunchScreen.storyboard */; };
		541766F625E82A4100F4F0EE /* SecondViewController.swift in Sources */ = {isa = PBXBuildFile; fileRef = 541766F525E82A4100F4F0EE /* SecondViewController.swift */; };
/* End PBXBuildFile section */

/* Begin PBXFileReference section */
		541766D925E53F3C00F4F0EE /* Scne-Trans001.app */ = {isa = PBXFileReference; explicitFileType = wrapper.application; includeInIndex = 0; path = "Scne-Trans001.app"; sourceTree = BUILT_PRODUCTS_DIR; };
		541766DC25E53F3C00F4F0EE /* AppDelegate.swift */ = {isa = PBXFileReference; lastKnownFileType = sourcecode.swift; path = AppDelegate.swift; sourceTree = "<group>"; };
		541766DE25E53F3C00F4F0EE /* SceneDelegate.swift */ = {isa = PBXFileReference; lastKnownFileType = sourcecode.swift; path = SceneDelegate.swift; sourceTree = "<group>"; };
		541766E025E53F3C00F4F0EE /* ViewController.swift */ = {isa = PBXFileReference; lastKnownFileType = sourcecode.swift; path = ViewController.swift; sourceTree = "<group>"; };
		541766E325E53F3C00F4F0EE /* Base */ = {isa = PBXFileReference; lastKnownFileType = file.storyboard; name = Base; path = Base.lproj/Main.storyboard; sourceTree = "<group>"; };
		541766E525E53F3C00F4F0EE /* Assets.xcassets */ = {isa = PBXFileReference; lastKnownFileType = folder.assetcatalog; path = Assets.xcassets; sourceTree = "<group>"; };
		541766E825E53F3C00F4F0EE /* Base */ = {isa = PBXFileReference; lastKnownFileType = file.storyboard; name = Base; path = Base.lproj/LaunchScreen.storyboard; sourceTree = "<group>"; };
		541766EA25E53F3C00F4F0EE /* Info.plist */ = {isa = PBXFileReference; lastKnownFileType = text.plist.xml; path = Info.plist; sourceTree = "<group>"; };
		541766F525E82A4100F4F0EE /* SecondViewController.swift */ = {isa = PBXFileReference; lastKnownFileType = sourcecode.swift; path = SecondViewController.swift; sourceTree = "<group>"; };
/* End PBXFileReference section */

/* Begin PBXFrameworksBuildPhase section */
		541766D625E53F3C00F4F0EE /* Frameworks */ = {
			isa = PBXFrameworksBuildPhase;
			buildActionMask = 2147483647;
			files = (
			);
			runOnlyForDeploymentPostprocessing = 0;
		};
/* End PBXFrameworksBuildPhase section */

/* Begin PBXGroup section */
		541766D025E53F3C00F4F0EE = {
			isa = PBXGroup;
			children = (
				541766DB25E53F3C00F4F0EE /* Scne-Trans001 */,
				541766DA25E53F3C00F4F0EE /* Products */,
			);
			sourceTree = "<group>";
		};
		541766DA25E53F3C00F4F0EE /* Products */ = {
			isa = PBXGroup;
			children = (
				541766D925E53F3C00F4F0EE /* Scne-Trans001.app */,
			);
			name = Products;
			sourceTree = "<group>";
		};
		541766DB25E53F3C00F4F0EE /* Scne-Trans001 */ = {
			isa = PBXGroup;
			children = (
				541766DC25E53F3C00F4F0EE /* AppDelegate.swift */,
				541766DE25E53F3C00F4F0EE /* SceneDelegate.swift */,
				541766E025E53F3C00F4F0EE /* ViewController.swift */,
				541766E225E53F3C00F4F0EE /* Main.storyboard */,
				541766F525E82A4100F4F0EE /* SecondViewController.swift */,
				541766E525E53F3C00F4F0EE /* Assets.xcassets */,
				541766E725E53F3C00F4F0EE /* LaunchScreen.storyboard */,
				541766EA25E53F3C00F4F0EE /* Info.plist */,
			);
			path = "Scne-Trans001";
			sourceTree = "<group>";
		};
/* End PBXGroup section */

/* Begin PBXNativeTarget section */
		541766D825E53F3C00F4F0EE /* Scne-Trans001 */ = {
			isa = PBXNativeTarget;
			buildConfigurationList = 541766ED25E53F3C00F4F0EE /* Build configuration list for PBXNativeTarget "Scne-Trans001" */;
			buildPhases = (
				541766D525E53F3C00F4F0EE /* Sources */,
				541766D625E53F3C00F4F0EE /* Frameworks */,
				541766D725E53F3C00F4F0EE /* Resources */,
			);
			buildRules = (
			);
			dependencies = (
			);
			name = "Scne-Trans001";
			productName = "Scne-Trans001";
			productReference = 541766D925E53F3C00F4F0EE /* Scne-Trans001.app */;
			productType = "com.apple.product-type.application";
		};
/* End PBXNativeTarget section */

/* Begin PBXProject section */
		541766D125E53F3C00F4F0EE /* Project object */ = {
			isa = PBXProject;
			attributes = {
				LastSwiftUpdateCheck = 1240;
				LastUpgradeCheck = 1240;
				TargetAttributes = {
					541766D825E53F3C00F4F0EE = {
						CreatedOnToolsVersion = 12.4;
					};
				};
			};
			buildConfigurationList = 541766D425E53F3C00F4F0EE /* Build configuration list for PBXProject "Scne-Trans001" */;
			compatibilityVersion = "Xcode 9.3";
			developmentRegion = en;
			hasScannedForEncodings = 0;
			knownRegions = (
				en,
				Base,
			);
			mainGroup = 541766D025E53F3C00F4F0EE;
			productRefGroup = 541766DA25E53F3C00F4F0EE /* Products */;
			projectDirPath = "";
			projectRoot = "";
			targets = (
				541766D825E53F3C00F4F0EE /* Scne-Trans001 */,
			);
		};
/* End PBXProject section */

/* Begin PBXResourcesBuildPhase section */
		541766D725E53F3C00F4F0EE /* Resources */ = {
			isa = PBXResourcesBuildPhase;
			buildActionMask = 2147483647;
			files = (
				541766E925E53F3C00F4F0EE /* LaunchScreen.storyboard in Resources */,
				541766E625E53F3C00F4F0EE /* Assets.xcassets in Resources */,
				541766E425E53F3C00F4F0EE /* Main.storyboard in Resources */,
			);
			runOnlyForDeploymentPostprocessing = 0;
		};
/* End PBXResourcesBuildPhase section */

/* Begin PBXSourcesBuildPhase section */
		541766D525E53F3C00F4F0EE /* Sources */ = {
			isa = PBXSourcesBuildPhase;
			buildActionMask = 2147483647;
			files = (
				541766F625E82A4100F4F0EE /* SecondViewController.swift in Sources */,
				541766E125E53F3C00F4F0EE /* ViewController.swift in Sources */,
				541766DD25E53F3C00F4F0EE /* AppDelegate.swift in Sources */,
				541766DF25E53F3C00F4F0EE /* SceneDelegate.swift in Sources */,
			);
			runOnlyForDeploymentPostprocessing = 0;
		};
/* End PBXSourcesBuildPhase section */

/* Begin PBXVariantGroup section */
		541766E225E53F3C00F4F0EE /* Main.storyboard */ = {
			isa = PBXVariantGroup;
			children = (
				541766E325E53F3C00F4F0EE /* Base */,
			);
			name = Main.storyboard;
			sourceTree = "<group>";
		};
		541766E725E53F3C00F4F0EE /* LaunchScreen.storyboard */ = {
			isa = PBXVariantGroup;
			children = (
				541766E825E53F3C00F4F0EE /* Base */,
			);
			name = LaunchScreen.storyboard;
			sourceTree = "<group>";
		};
/* End PBXVariantGroup section */

/* Begin XCBuildConfiguration section */
		541766EB25E53F3C00F4F0EE /* Debug */ = {
			isa = XCBuildConfiguration;
			buildSettings = {
				ALWAYS_SEARCH_USER_PATHS = NO;
				CLANG_ANALYZER_NONNULL = YES;
				CLANG_ANALYZER_NUMBER_OBJECT_CONVERSION = YES_AGGRESSIVE;
				CLANG_CXX_LANGUAGE_STANDARD = "gnu++14";
				CLANG_CXX_LIBRARY = "libc++";
				CLANG_ENABLE_MODULES = YES;
				CLANG_ENABLE_OBJC_ARC = YES;
				CLANG_ENABLE_OBJC_WEAK = YES;
				CLANG_WARN_BLOCK_CAPTURE_AUTORELEASING = YES;
				CLANG_WARN_BOOL_CONVERSION = YES;
				CLANG_WARN_COMMA = YES;
				CLANG_WARN_CONSTANT_CONVERSION = YES;
				CLANG_WARN_DEPRECATED_OBJC_IMPLEMENTATIONS = YES;
				CLANG_WARN_DIRECT_OBJC_ISA_USAGE = YES_ERROR;
				CLANG_WARN_DOCUMENTATION_COMMENTS = YES;
				CLANG_WARN_EMPTY_BODY = YES;
				CLANG_WARN_ENUM_CONVERSION = YES;
				CLANG_WARN_INFINITE_RECURSION = YES;
				CLANG_WARN_INT_CONVERSION = YES;
				CLANG_WARN_NON_LITERAL_NULL_CONVERSION = YES;
				CLANG_WARN_OBJC_IMPLICIT_RETAIN_SELF = YES;
				CLANG_WARN_OBJC_LITERAL_CONVERSION = YES;
				CLANG_WARN_OBJC_ROOT_CLASS = YES_ERROR;
				CLANG_WARN_QUOTED_INCLUDE_IN_FRAMEWORK_HEADER = YES;
				CLANG_WARN_RANGE_LOOP_ANALYSIS = YES;
				CLANG_WARN_STRICT_PROTOTYPES = YES;
				CLANG_WARN_SUSPICIOUS_MOVE = YES;
				CLANG_WARN_UNGUARDED_AVAILABILITY = YES_AGGRESSIVE;
				CLANG_WARN_UNREACHABLE_CODE = YES;
				CLANG_WARN__DUPLICATE_METHOD_MATCH = YES;
				COPY_PHASE_STRIP = NO;
				DEBUG_INFORMATION_FORMAT = dwarf;
				ENABLE_STRICT_OBJC_MSGSEND = YES;
				ENABLE_TESTABILITY = YES;
				GCC_C_LANGUAGE_STANDARD = gnu11;
				GCC_DYNAMIC_NO_PIC = NO;
				GCC_NO_COMMON_BLOCKS = YES;
				GCC_OPTIMIZATION_LEVEL = 0;
				GCC_PREPROCESSOR_DEFINITIONS = (
					"DEBUG=1",
					"$(inherited)",
				);
				GCC_WARN_64_TO_32_BIT_CONVERSION = YES;
				GCC_WARN_ABOUT_RETURN_TYPE = YES_ERROR;
				GCC_WARN_UNDECLARED_SELECTOR = YES;
				GCC_WARN_UNINITIALIZED_AUTOS = YES_AGGRESSIVE;
				GCC_WARN_UNUSED_FUNCTION = YES;
				GCC_WARN_UNUSED_VARIABLE = YES;
				IPHONEOS_DEPLOYMENT_TARGET = 14.4;
				MTL_ENABLE_DEBUG_INFO = INCLUDE_SOURCE;
				MTL_FAST_MATH = YES;
				ONLY_ACTIVE_ARCH = YES;
				SDKROOT = iphoneos;
				SWIFT_ACTIVE_COMPILATION_CONDITIONS = DEBUG;
				SWIFT_OPTIMIZATION_LEVEL = "-Onone";
			};
			name = Debug;
		};
		541766EC25E53F3C00F4F0EE /* Release */ = {
			isa = XCBuildConfiguration;
			buildSettings = {
				ALWAYS_SEARCH_USER_PATHS = NO;
				CLANG_ANALYZER_NONNULL = YES;
				CLANG_ANALYZER_NUMBER_OBJECT_CONVERSION = YES_AGGRESSIVE;
				CLANG_CXX_LANGUAGE_STANDARD = "gnu++14";
				CLANG_CXX_LIBRARY = "libc++";
				CLANG_ENABLE_MODULES = YES;
				CLANG_ENABLE_OBJC_ARC = YES;
				CLANG_ENABLE_OBJC_WEAK = YES;
				CLANG_WARN_BLOCK_CAPTURE_AUTORELEASING = YES;
				CLANG_WARN_BOOL_CONVERSION = YES;
				CLANG_WARN_COMMA = YES;
				CLANG_WARN_CONSTANT_CONVERSION = YES;
				CLANG_WARN_DEPRECATED_OBJC_IMPLEMENTATIONS = YES;
				CLANG_WARN_DIRECT_OBJC_ISA_USAGE = YES_ERROR;
				CLANG_WARN_DOCUMENTATION_COMMENTS = YES;
				CLANG_WARN_EMPTY_BODY = YES;
				CLANG_WARN_ENUM_CONVERSION = YES;
				CLANG_WARN_INFINITE_RECURSION = YES;
				CLANG_WARN_INT_CONVERSION = YES;
				CLANG_WARN_NON_LITERAL_NULL_CONVERSION = YES;
				CLANG_WARN_OBJC_IMPLICIT_RETAIN_SELF = YES;
				CLANG_WARN_OBJC_LITERAL_CONVERSION = YES;
				CLANG_WARN_OBJC_ROOT_CLASS = YES_ERROR;
				CLANG_WARN_QUOTED_INCLUDE_IN_FRAMEWORK_HEADER = YES;
				CLANG_WARN_RANGE_LOOP_ANALYSIS = YES;
				CLANG_WARN_STRICT_PROTOTYPES = YES;
				CLANG_WARN_SUSPICIOUS_MOVE = YES;
				CLANG_WARN_UNGUARDED_AVAILABILITY = YES_AGGRESSIVE;
				CLANG_WARN_UNREACHABLE_CODE = YES;
				CLANG_WARN__DUPLICATE_METHOD_MATCH = YES;
				COPY_PHASE_STRIP = NO;
				DEBUG_INFORMATION_FORMAT = "dwarf-with-dsym";
				ENABLE_NS_ASSERTIONS = NO;
				ENABLE_STRICT_OBJC_MSGSEND = YES;
				GCC_C_LANGUAGE_STANDARD = gnu11;
				GCC_NO_COMMON_BLOCKS = YES;
				GCC_WARN_64_TO_32_BIT_CONVERSION = YES;
				GCC_WARN_ABOUT_RETURN_TYPE = YES_ERROR;
				GCC_WARN_UNDECLARED_SELECTOR = YES;
				GCC_WARN_UNINITIALIZED_AUTOS = YES_AGGRESSIVE;
				GCC_WARN_UNUSED_FUNCTION = YES;
				GCC_WARN_UNUSED_VARIABLE = YES;
				IPHONEOS_DEPLOYMENT_TARGET = 14.4;
				MTL_ENABLE_DEBUG_INFO = NO;
				MTL_FAST_MATH = YES;
				SDKROOT = iphoneos;
				SWIFT_COMPILATION_MODE = wholemodule;
				SWIFT_OPTIMIZATION_LEVEL = "-O";
				VALIDATE_PRODUCT = YES;
			};
			name = Release;
		};
		541766EE25E53F3C00F4F0EE /* Debug */ = {
			isa = XCBuildConfiguration;
			buildSettings = {
				ASSETCATALOG_COMPILER_APPICON_NAME = AppIcon;
				ASSETCATALOG_COMPILER_GLOBAL_ACCENT_COLOR_NAME = AccentColor;
				CODE_SIGN_STYLE = Automatic;
				INFOPLIST_FILE = "Scne-Trans001/Info.plist";
				LD_RUNPATH_SEARCH_PATHS = (
					"$(inherited)",
					"@executable_path/Frameworks",
				);
				PRODUCT_BUNDLE_IDENTIFIER = "com.sunghun.Scne-Trans001";
				PRODUCT_NAME = "$(TARGET_NAME)";
				SWIFT_VERSION = 5.0;
				TARGETED_DEVICE_FAMILY = "1,2";
			};
			name = Debug;
		};
		541766EF25E53F3C00F4F0EE /* Release */ = {
			isa = XCBuildConfiguration;
			buildSettings = {
				ASSETCATALOG_COMPILER_APPICON_NAME = AppIcon;
				ASSETCATALOG_COMPILER_GLOBAL_ACCENT_COLOR_NAME = AccentColor;
				CODE_SIGN_STYLE = Automatic;
				INFOPLIST_FILE = "Scne-Trans001/Info.plist";
				LD_RUNPATH_SEARCH_PATHS = (
					"$(inherited)",
					"@executable_path/Frameworks",
				);
				PRODUCT_BUNDLE_IDENTIFIER = "com.sunghun.Scne-Trans001";
				PRODUCT_NAME = "$(TARGET_NAME)";
				SWIFT_VERSION = 5.0;
				TARGETED_DEVICE_FAMILY = "1,2";
			};
			name = Release;
		};
/* End XCBuildConfiguration section */

/* Begin XCConfigurationList section */
		541766D425E53F3C00F4F0EE /* Build configuration list for PBXProject "Scne-Trans001" */ = {
			isa = XCConfigurationList;
			buildConfigurations = (
				541766EB25E53F3C00F4F0EE /* Debug */,
				541766EC25E53F3C00F4F0EE /* Release */,
			);
			defaultConfigurationIsVisible = 0;
			defaultConfigurationName = Release;
		};
		541766ED25E53F3C00F4F0EE /* Build configuration list for PBXNativeTarget "Scne-Trans001" */ = {
			isa = XCConfigurationList;
			buildConfigurations = (
				541766EE25E53F3C00F4F0EE /* Debug */,
				541766EF25E53F3C00F4F0EE /* Release */,
			);
			defaultConfigurationIsVisible = 0;
			defaultConfigurationName = Release;
		};
/* End XCConfigurationList section */
	};
	rootObject = 541766D125E53F3C00F4F0EE /* Project object */;
}
