// !$*UTF8*$!
{
	archiveVersion = 1;
	classes = {
	};
	objectVersion = 50;
	objects = {

/* Begin PBXBuildFile section */
		5474413C259B56FA00304824 /* MovieCell.swift in Sources */ = {isa = PBXBuildFile; fileRef = 5474413B259B56FA00304824 /* MovieCell.swift */; };
		54744142259B6E3300304824 /* darknight.jpg in Resources */ = {isa = PBXBuildFile; fileRef = 5474413F259B6E3300304824 /* darknight.jpg */; };
		54744143259B6E3300304824 /* rain.jpg in Resources */ = {isa = PBXBuildFile; fileRef = 54744140259B6E3300304824 /* rain.jpg */; };
		54744144259B6E3300304824 /* secret.jpg in Resources */ = {isa = PBXBuildFile; fileRef = 54744141259B6E3300304824 /* secret.jpg */; };
		54D3FBDE2599C60C00594C41 /* AppDelegate.swift in Sources */ = {isa = PBXBuildFile; fileRef = 54D3FBDD2599C60C00594C41 /* AppDelegate.swift */; };
		54D3FBE02599C60C00594C41 /* SceneDelegate.swift in Sources */ = {isa = PBXBuildFile; fileRef = 54D3FBDF2599C60C00594C41 /* SceneDelegate.swift */; };
		54D3FBE52599C60C00594C41 /* Main.storyboard in Resources */ = {isa = PBXBuildFile; fileRef = 54D3FBE32599C60C00594C41 /* Main.storyboard */; };
		54D3FBE72599C60D00594C41 /* Assets.xcassets in Resources */ = {isa = PBXBuildFile; fileRef = 54D3FBE62599C60D00594C41 /* Assets.xcassets */; };
		54D3FBEA2599C60D00594C41 /* LaunchScreen.storyboard in Resources */ = {isa = PBXBuildFile; fileRef = 54D3FBE82599C60D00594C41 /* LaunchScreen.storyboard */; };
		54D3FBF52599C9AE00594C41 /* ListViewController.swift in Sources */ = {isa = PBXBuildFile; fileRef = 54D3FBF42599C9AE00594C41 /* ListViewController.swift */; };
		54D3FBF8259AC4C500594C41 /* MovieVO.swift in Sources */ = {isa = PBXBuildFile; fileRef = 54D3FBF7259AC4C500594C41 /* MovieVO.swift */; };
/* End PBXBuildFile section */

/* Begin PBXFileReference section */
		5474413B259B56FA00304824 /* MovieCell.swift */ = {isa = PBXFileReference; lastKnownFileType = sourcecode.swift; path = MovieCell.swift; sourceTree = "<group>"; };
		5474413F259B6E3300304824 /* darknight.jpg */ = {isa = PBXFileReference; lastKnownFileType = image.jpeg; path = darknight.jpg; sourceTree = "<group>"; };
		54744140259B6E3300304824 /* rain.jpg */ = {isa = PBXFileReference; lastKnownFileType = image.jpeg; path = rain.jpg; sourceTree = "<group>"; };
		54744141259B6E3300304824 /* secret.jpg */ = {isa = PBXFileReference; lastKnownFileType = image.jpeg; path = secret.jpg; sourceTree = "<group>"; };
		54D3FBDA2599C60C00594C41 /* MyMovieChart.app */ = {isa = PBXFileReference; explicitFileType = wrapper.application; includeInIndex = 0; path = MyMovieChart.app; sourceTree = BUILT_PRODUCTS_DIR; };
		54D3FBDD2599C60C00594C41 /* AppDelegate.swift */ = {isa = PBXFileReference; lastKnownFileType = sourcecode.swift; path = AppDelegate.swift; sourceTree = "<group>"; };
		54D3FBDF2599C60C00594C41 /* SceneDelegate.swift */ = {isa = PBXFileReference; lastKnownFileType = sourcecode.swift; path = SceneDelegate.swift; sourceTree = "<group>"; };
		54D3FBE42599C60C00594C41 /* Base */ = {isa = PBXFileReference; lastKnownFileType = file.storyboard; name = Base; path = Base.lproj/Main.storyboard; sourceTree = "<group>"; };
		54D3FBE62599C60D00594C41 /* Assets.xcassets */ = {isa = PBXFileReference; lastKnownFileType = folder.assetcatalog; path = Assets.xcassets; sourceTree = "<group>"; };
		54D3FBE92599C60D00594C41 /* Base */ = {isa = PBXFileReference; lastKnownFileType = file.storyboard; name = Base; path = Base.lproj/LaunchScreen.storyboard; sourceTree = "<group>"; };
		54D3FBEB2599C60D00594C41 /* Info.plist */ = {isa = PBXFileReference; lastKnownFileType = text.plist.xml; path = Info.plist; sourceTree = "<group>"; };
		54D3FBF42599C9AE00594C41 /* ListViewController.swift */ = {isa = PBXFileReference; lastKnownFileType = sourcecode.swift; path = ListViewController.swift; sourceTree = "<group>"; };
		54D3FBF7259AC4C500594C41 /* MovieVO.swift */ = {isa = PBXFileReference; lastKnownFileType = sourcecode.swift; path = MovieVO.swift; sourceTree = "<group>"; };
/* End PBXFileReference section */

/* Begin PBXFrameworksBuildPhase section */
		54D3FBD72599C60C00594C41 /* Frameworks */ = {
			isa = PBXFrameworksBuildPhase;
			buildActionMask = 2147483647;
			files = (
			);
			runOnlyForDeploymentPostprocessing = 0;
		};
/* End PBXFrameworksBuildPhase section */

/* Begin PBXGroup section */
		5474413E259B589D00304824 /* Resources */ = {
			isa = PBXGroup;
			children = (
				5474413F259B6E3300304824 /* darknight.jpg */,
				54744140259B6E3300304824 /* rain.jpg */,
				54744141259B6E3300304824 /* secret.jpg */,
			);
			path = Resources;
			sourceTree = "<group>";
		};
		54D3FBD12599C60C00594C41 = {
			isa = PBXGroup;
			children = (
				5474413E259B589D00304824 /* Resources */,
				54D3FBDC2599C60C00594C41 /* MyMovieChart */,
				54D3FBDB2599C60C00594C41 /* Products */,
			);
			sourceTree = "<group>";
		};
		54D3FBDB2599C60C00594C41 /* Products */ = {
			isa = PBXGroup;
			children = (
				54D3FBDA2599C60C00594C41 /* MyMovieChart.app */,
			);
			name = Products;
			sourceTree = "<group>";
		};
		54D3FBDC2599C60C00594C41 /* MyMovieChart */ = {
			isa = PBXGroup;
			children = (
				54D3FBDD2599C60C00594C41 /* AppDelegate.swift */,
				54D3FBDF2599C60C00594C41 /* SceneDelegate.swift */,
				54D3FBE32599C60C00594C41 /* Main.storyboard */,
				54D3FBF7259AC4C500594C41 /* MovieVO.swift */,
				5474413B259B56FA00304824 /* MovieCell.swift */,
				54D3FBF42599C9AE00594C41 /* ListViewController.swift */,
				54D3FBE62599C60D00594C41 /* Assets.xcassets */,
				54D3FBE82599C60D00594C41 /* LaunchScreen.storyboard */,
				54D3FBEB2599C60D00594C41 /* Info.plist */,
			);
			path = MyMovieChart;
			sourceTree = "<group>";
		};
/* End PBXGroup section */

/* Begin PBXNativeTarget section */
		54D3FBD92599C60C00594C41 /* MyMovieChart */ = {
			isa = PBXNativeTarget;
			buildConfigurationList = 54D3FBEE2599C60D00594C41 /* Build configuration list for PBXNativeTarget "MyMovieChart" */;
			buildPhases = (
				54D3FBD62599C60C00594C41 /* Sources */,
				54D3FBD72599C60C00594C41 /* Frameworks */,
				54D3FBD82599C60C00594C41 /* Resources */,
			);
			buildRules = (
			);
			dependencies = (
			);
			name = MyMovieChart;
			productName = MyMovieChart;
			productReference = 54D3FBDA2599C60C00594C41 /* MyMovieChart.app */;
			productType = "com.apple.product-type.application";
		};
/* End PBXNativeTarget section */

/* Begin PBXProject section */
		54D3FBD22599C60C00594C41 /* Project object */ = {
			isa = PBXProject;
			attributes = {
				LastSwiftUpdateCheck = 1230;
				LastUpgradeCheck = 1230;
				TargetAttributes = {
					54D3FBD92599C60C00594C41 = {
						CreatedOnToolsVersion = 12.3;
					};
				};
			};
			buildConfigurationList = 54D3FBD52599C60C00594C41 /* Build configuration list for PBXProject "MyMovieChart" */;
			compatibilityVersion = "Xcode 9.3";
			developmentRegion = en;
			hasScannedForEncodings = 0;
			knownRegions = (
				en,
				Base,
			);
			mainGroup = 54D3FBD12599C60C00594C41;
			productRefGroup = 54D3FBDB2599C60C00594C41 /* Products */;
			projectDirPath = "";
			projectRoot = "";
			targets = (
				54D3FBD92599C60C00594C41 /* MyMovieChart */,
			);
		};
/* End PBXProject section */

/* Begin PBXResourcesBuildPhase section */
		54D3FBD82599C60C00594C41 /* Resources */ = {
			isa = PBXResourcesBuildPhase;
			buildActionMask = 2147483647;
			files = (
				54744142259B6E3300304824 /* darknight.jpg in Resources */,
				54D3FBEA2599C60D00594C41 /* LaunchScreen.storyboard in Resources */,
				54744144259B6E3300304824 /* secret.jpg in Resources */,
				54D3FBE72599C60D00594C41 /* Assets.xcassets in Resources */,
				54744143259B6E3300304824 /* rain.jpg in Resources */,
				54D3FBE52599C60C00594C41 /* Main.storyboard in Resources */,
			);
			runOnlyForDeploymentPostprocessing = 0;
		};
/* End PBXResourcesBuildPhase section */

/* Begin PBXSourcesBuildPhase section */
		54D3FBD62599C60C00594C41 /* Sources */ = {
			isa = PBXSourcesBuildPhase;
			buildActionMask = 2147483647;
			files = (
				54D3FBDE2599C60C00594C41 /* AppDelegate.swift in Sources */,
				54D3FBF8259AC4C500594C41 /* MovieVO.swift in Sources */,
				54D3FBE02599C60C00594C41 /* SceneDelegate.swift in Sources */,
				5474413C259B56FA00304824 /* MovieCell.swift in Sources */,
				54D3FBF52599C9AE00594C41 /* ListViewController.swift in Sources */,
			);
			runOnlyForDeploymentPostprocessing = 0;
		};
/* End PBXSourcesBuildPhase section */

/* Begin PBXVariantGroup section */
		54D3FBE32599C60C00594C41 /* Main.storyboard */ = {
			isa = PBXVariantGroup;
			children = (
				54D3FBE42599C60C00594C41 /* Base */,
			);
			name = Main.storyboard;
			sourceTree = "<group>";
		};
		54D3FBE82599C60D00594C41 /* LaunchScreen.storyboard */ = {
			isa = PBXVariantGroup;
			children = (
				54D3FBE92599C60D00594C41 /* Base */,
			);
			name = LaunchScreen.storyboard;
			sourceTree = "<group>";
		};
/* End PBXVariantGroup section */

/* Begin XCBuildConfiguration section */
		54D3FBEC2599C60D00594C41 /* Debug */ = {
			isa = XCBuildConfiguration;
			buildSettings = {
				ALWAYS_SEARCH_USER_PATHS = NO;
				CLANG_ANALYZER_NONNULL = YES;
				CLANG_ANALYZER_NUMBER_OBJECT_CONVERSION = YES_AGGRESSIVE;
				CLANG_CXX_LANGUAGE_STANDARD = "gnu++14";
				CLANG_CXX_LIBRARY = "libc++";
				CLANG_ENABLE_MODULES = YES;
				CLANG_ENABLE_OBJC_ARC = YES;
				CLANG_ENABLE_OBJC_WEAK = YES;
				CLANG_WARN_BLOCK_CAPTURE_AUTORELEASING = YES;
				CLANG_WARN_BOOL_CONVERSION = YES;
				CLANG_WARN_COMMA = YES;
				CLANG_WARN_CONSTANT_CONVERSION = YES;
				CLANG_WARN_DEPRECATED_OBJC_IMPLEMENTATIONS = YES;
				CLANG_WARN_DIRECT_OBJC_ISA_USAGE = YES_ERROR;
				CLANG_WARN_DOCUMENTATION_COMMENTS = YES;
				CLANG_WARN_EMPTY_BODY = YES;
				CLANG_WARN_ENUM_CONVERSION = YES;
				CLANG_WARN_INFINITE_RECURSION = YES;
				CLANG_WARN_INT_CONVERSION = YES;
				CLANG_WARN_NON_LITERAL_NULL_CONVERSION = YES;
				CLANG_WARN_OBJC_IMPLICIT_RETAIN_SELF = YES;
				CLANG_WARN_OBJC_LITERAL_CONVERSION = YES;
				CLANG_WARN_OBJC_ROOT_CLASS = YES_ERROR;
				CLANG_WARN_QUOTED_INCLUDE_IN_FRAMEWORK_HEADER = YES;
				CLANG_WARN_RANGE_LOOP_ANALYSIS = YES;
				CLANG_WARN_STRICT_PROTOTYPES = YES;
				CLANG_WARN_SUSPICIOUS_MOVE = YES;
				CLANG_WARN_UNGUARDED_AVAILABILITY = YES_AGGRESSIVE;
				CLANG_WARN_UNREACHABLE_CODE = YES;
				CLANG_WARN__DUPLICATE_METHOD_MATCH = YES;
				COPY_PHASE_STRIP = NO;
				DEBUG_INFORMATION_FORMAT = dwarf;
				ENABLE_STRICT_OBJC_MSGSEND = YES;
				ENABLE_TESTABILITY = YES;
				GCC_C_LANGUAGE_STANDARD = gnu11;
				GCC_DYNAMIC_NO_PIC = NO;
				GCC_NO_COMMON_BLOCKS = YES;
				GCC_OPTIMIZATION_LEVEL = 0;
				GCC_PREPROCESSOR_DEFINITIONS = (
					"DEBUG=1",
					"$(inherited)",
				);
				GCC_WARN_64_TO_32_BIT_CONVERSION = YES;
				GCC_WARN_ABOUT_RETURN_TYPE = YES_ERROR;
				GCC_WARN_UNDECLARED_SELECTOR = YES;
				GCC_WARN_UNINITIALIZED_AUTOS = YES_AGGRESSIVE;
				GCC_WARN_UNUSED_FUNCTION = YES;
				GCC_WARN_UNUSED_VARIABLE = YES;
				IPHONEOS_DEPLOYMENT_TARGET = 14.3;
				MTL_ENABLE_DEBUG_INFO = INCLUDE_SOURCE;
				MTL_FAST_MATH = YES;
				ONLY_ACTIVE_ARCH = YES;
				SDKROOT = iphoneos;
				SWIFT_ACTIVE_COMPILATION_CONDITIONS = DEBUG;
				SWIFT_OPTIMIZATION_LEVEL = "-Onone";
			};
			name = Debug;
		};
		54D3FBED2599C60D00594C41 /* Release */ = {
			isa = XCBuildConfiguration;
			buildSettings = {
				ALWAYS_SEARCH_USER_PATHS = NO;
				CLANG_ANALYZER_NONNULL = YES;
				CLANG_ANALYZER_NUMBER_OBJECT_CONVERSION = YES_AGGRESSIVE;
				CLANG_CXX_LANGUAGE_STANDARD = "gnu++14";
				CLANG_CXX_LIBRARY = "libc++";
				CLANG_ENABLE_MODULES = YES;
				CLANG_ENABLE_OBJC_ARC = YES;
				CLANG_ENABLE_OBJC_WEAK = YES;
				CLANG_WARN_BLOCK_CAPTURE_AUTORELEASING = YES;
				CLANG_WARN_BOOL_CONVERSION = YES;
				CLANG_WARN_COMMA = YES;
				CLANG_WARN_CONSTANT_CONVERSION = YES;
				CLANG_WARN_DEPRECATED_OBJC_IMPLEMENTATIONS = YES;
				CLANG_WARN_DIRECT_OBJC_ISA_USAGE = YES_ERROR;
				CLANG_WARN_DOCUMENTATION_COMMENTS = YES;
				CLANG_WARN_EMPTY_BODY = YES;
				CLANG_WARN_ENUM_CONVERSION = YES;
				CLANG_WARN_INFINITE_RECURSION = YES;
				CLANG_WARN_INT_CONVERSION = YES;
				CLANG_WARN_NON_LITERAL_NULL_CONVERSION = YES;
				CLANG_WARN_OBJC_IMPLICIT_RETAIN_SELF = YES;
				CLANG_WARN_OBJC_LITERAL_CONVERSION = YES;
				CLANG_WARN_OBJC_ROOT_CLASS = YES_ERROR;
				CLANG_WARN_QUOTED_INCLUDE_IN_FRAMEWORK_HEADER = YES;
				CLANG_WARN_RANGE_LOOP_ANALYSIS = YES;
				CLANG_WARN_STRICT_PROTOTYPES = YES;
				CLANG_WARN_SUSPICIOUS_MOVE = YES;
				CLANG_WARN_UNGUARDED_AVAILABILITY = YES_AGGRESSIVE;
				CLANG_WARN_UNREACHABLE_CODE = YES;
				CLANG_WARN__DUPLICATE_METHOD_MATCH = YES;
				COPY_PHASE_STRIP = NO;
				DEBUG_INFORMATION_FORMAT = "dwarf-with-dsym";
				ENABLE_NS_ASSERTIONS = NO;
				ENABLE_STRICT_OBJC_MSGSEND = YES;
				GCC_C_LANGUAGE_STANDARD = gnu11;
				GCC_NO_COMMON_BLOCKS = YES;
				GCC_WARN_64_TO_32_BIT_CONVERSION = YES;
				GCC_WARN_ABOUT_RETURN_TYPE = YES_ERROR;
				GCC_WARN_UNDECLARED_SELECTOR = YES;
				GCC_WARN_UNINITIALIZED_AUTOS = YES_AGGRESSIVE;
				GCC_WARN_UNUSED_FUNCTION = YES;
				GCC_WARN_UNUSED_VARIABLE = YES;
				IPHONEOS_DEPLOYMENT_TARGET = 14.3;
				MTL_ENABLE_DEBUG_INFO = NO;
				MTL_FAST_MATH = YES;
				SDKROOT = iphoneos;
				SWIFT_COMPILATION_MODE = wholemodule;
				SWIFT_OPTIMIZATION_LEVEL = "-O";
				VALIDATE_PRODUCT = YES;
			};
			name = Release;
		};
		54D3FBEF2599C60D00594C41 /* Debug */ = {
			isa = XCBuildConfiguration;
			buildSettings = {
				ASSETCATALOG_COMPILER_APPICON_NAME = AppIcon;
				ASSETCATALOG_COMPILER_GLOBAL_ACCENT_COLOR_NAME = AccentColor;
				CODE_SIGN_STYLE = Automatic;
				INFOPLIST_FILE = MyMovieChart/Info.plist;
				LD_RUNPATH_SEARCH_PATHS = (
					"$(inherited)",
					"@executable_path/Frameworks",
				);
				PRODUCT_BUNDLE_IDENTIFIER = com.sunghun.MyMovieChart;
				PRODUCT_NAME = "$(TARGET_NAME)";
				SWIFT_VERSION = 5.0;
				TARGETED_DEVICE_FAMILY = 1;
			};
			name = Debug;
		};
		54D3FBF02599C60D00594C41 /* Release */ = {
			isa = XCBuildConfiguration;
			buildSettings = {
				ASSETCATALOG_COMPILER_APPICON_NAME = AppIcon;
				ASSETCATALOG_COMPILER_GLOBAL_ACCENT_COLOR_NAME = AccentColor;
				CODE_SIGN_STYLE = Automatic;
				INFOPLIST_FILE = MyMovieChart/Info.plist;
				LD_RUNPATH_SEARCH_PATHS = (
					"$(inherited)",
					"@executable_path/Frameworks",
				);
				PRODUCT_BUNDLE_IDENTIFIER = com.sunghun.MyMovieChart;
				PRODUCT_NAME = "$(TARGET_NAME)";
				SWIFT_VERSION = 5.0;
				TARGETED_DEVICE_FAMILY = 1;
			};
			name = Release;
		};
/* End XCBuildConfiguration section */

/* Begin XCConfigurationList section */
		54D3FBD52599C60C00594C41 /* Build configuration list for PBXProject "MyMovieChart" */ = {
			isa = XCConfigurationList;
			buildConfigurations = (
				54D3FBEC2599C60D00594C41 /* Debug */,
				54D3FBED2599C60D00594C41 /* Release */,
			);
			defaultConfigurationIsVisible = 0;
			defaultConfigurationName = Release;
		};
		54D3FBEE2599C60D00594C41 /* Build configuration list for PBXNativeTarget "MyMovieChart" */ = {
			isa = XCConfigurationList;
			buildConfigurations = (
				54D3FBEF2599C60D00594C41 /* Debug */,
				54D3FBF02599C60D00594C41 /* Release */,
			);
			defaultConfigurationIsVisible = 0;
			defaultConfigurationName = Release;
		};
/* End XCConfigurationList section */
	};
	rootObject = 54D3FBD22599C60C00594C41 /* Project object */;
}
