// !$*UTF8*$!
{
	archiveVersion = 1;
	classes = {
	};
	objectVersion = 50;
	objects = {

/* Begin PBXBuildFile section */
		5479450C2588EBAF00677E88 /* AppDelegate.swift in Sources */ = {isa = PBXBuildFile; fileRef = 5479450B2588EBAF00677E88 /* AppDelegate.swift */; };
		5479450E2588EBAF00677E88 /* SceneDelegate.swift in Sources */ = {isa = PBXBuildFile; fileRef = 5479450D2588EBAF00677E88 /* SceneDelegate.swift */; };
		547945102588EBAF00677E88 /* ViewController.swift in Sources */ = {isa = PBXBuildFile; fileRef = 5479450F2588EBAF00677E88 /* ViewController.swift */; };
		547945132588EBAF00677E88 /* Main.storyboard in Resources */ = {isa = PBXBuildFile; fileRef = 547945112588EBAF00677E88 /* Main.storyboard */; };
		547945152588EBB000677E88 /* Assets.xcassets in Resources */ = {isa = PBXBuildFile; fileRef = 547945142588EBB000677E88 /* Assets.xcassets */; };
		547945182588EBB000677E88 /* LaunchScreen.storyboard in Resources */ = {isa = PBXBuildFile; fileRef = 547945162588EBB000677E88 /* LaunchScreen.storyboard */; };
		54C93809258914E6009D27F1 /* SecondViewController.swift in Sources */ = {isa = PBXBuildFile; fileRef = 54C93808258914E6009D27F1 /* SecondViewController.swift */; };
/* End PBXBuildFile section */

/* Begin PBXFileReference section */
		547945082588EBAF00677E88 /* Scene-Trans01.app */ = {isa = PBXFileReference; explicitFileType = wrapper.application; includeInIndex = 0; path = "Scene-Trans01.app"; sourceTree = BUILT_PRODUCTS_DIR; };
		5479450B2588EBAF00677E88 /* AppDelegate.swift */ = {isa = PBXFileReference; lastKnownFileType = sourcecode.swift; path = AppDelegate.swift; sourceTree = "<group>"; };
		5479450D2588EBAF00677E88 /* SceneDelegate.swift */ = {isa = PBXFileReference; lastKnownFileType = sourcecode.swift; path = SceneDelegate.swift; sourceTree = "<group>"; };
		5479450F2588EBAF00677E88 /* ViewController.swift */ = {isa = PBXFileReference; lastKnownFileType = sourcecode.swift; path = ViewController.swift; sourceTree = "<group>"; };
		547945122588EBAF00677E88 /* Base */ = {isa = PBXFileReference; lastKnownFileType = file.storyboard; name = Base; path = Base.lproj/Main.storyboard; sourceTree = "<group>"; };
		547945142588EBB000677E88 /* Assets.xcassets */ = {isa = PBXFileReference; lastKnownFileType = folder.assetcatalog; path = Assets.xcassets; sourceTree = "<group>"; };
		547945172588EBB000677E88 /* Base */ = {isa = PBXFileReference; lastKnownFileType = file.storyboard; name = Base; path = Base.lproj/LaunchScreen.storyboard; sourceTree = "<group>"; };
		547945192588EBB000677E88 /* Info.plist */ = {isa = PBXFileReference; lastKnownFileType = text.plist.xml; path = Info.plist; sourceTree = "<group>"; };
		54C93808258914E6009D27F1 /* SecondViewController.swift */ = {isa = PBXFileReference; lastKnownFileType = sourcecode.swift; path = SecondViewController.swift; sourceTree = "<group>"; };
/* End PBXFileReference section */

/* Begin PBXFrameworksBuildPhase section */
		547945052588EBAF00677E88 /* Frameworks */ = {
			isa = PBXFrameworksBuildPhase;
			buildActionMask = 2147483647;
			files = (
			);
			runOnlyForDeploymentPostprocessing = 0;
		};
/* End PBXFrameworksBuildPhase section */

/* Begin PBXGroup section */
		547944FF2588EBAF00677E88 = {
			isa = PBXGroup;
			children = (
				5479450A2588EBAF00677E88 /* Scene-Trans01 */,
				547945092588EBAF00677E88 /* Products */,
			);
			sourceTree = "<group>";
		};
		547945092588EBAF00677E88 /* Products */ = {
			isa = PBXGroup;
			children = (
				547945082588EBAF00677E88 /* Scene-Trans01.app */,
			);
			name = Products;
			sourceTree = "<group>";
		};
		5479450A2588EBAF00677E88 /* Scene-Trans01 */ = {
			isa = PBXGroup;
			children = (
				5479450B2588EBAF00677E88 /* AppDelegate.swift */,
				5479450D2588EBAF00677E88 /* SceneDelegate.swift */,
				5479450F2588EBAF00677E88 /* ViewController.swift */,
				547945112588EBAF00677E88 /* Main.storyboard */,
				54C93808258914E6009D27F1 /* SecondViewController.swift */,
				547945142588EBB000677E88 /* Assets.xcassets */,
				547945162588EBB000677E88 /* LaunchScreen.storyboard */,
				547945192588EBB000677E88 /* Info.plist */,
			);
			path = "Scene-Trans01";
			sourceTree = "<group>";
		};
/* End PBXGroup section */

/* Begin PBXNativeTarget section */
		547945072588EBAF00677E88 /* Scene-Trans01 */ = {
			isa = PBXNativeTarget;
			buildConfigurationList = 5479451C2588EBB000677E88 /* Build configuration list for PBXNativeTarget "Scene-Trans01" */;
			buildPhases = (
				547945042588EBAF00677E88 /* Sources */,
				547945052588EBAF00677E88 /* Frameworks */,
				547945062588EBAF00677E88 /* Resources */,
			);
			buildRules = (
			);
			dependencies = (
			);
			name = "Scene-Trans01";
			productName = "Scene-Trans01";
			productReference = 547945082588EBAF00677E88 /* Scene-Trans01.app */;
			productType = "com.apple.product-type.application";
		};
/* End PBXNativeTarget section */

/* Begin PBXProject section */
		547945002588EBAF00677E88 /* Project object */ = {
			isa = PBXProject;
			attributes = {
				LastSwiftUpdateCheck = 1230;
				LastUpgradeCheck = 1230;
				TargetAttributes = {
					547945072588EBAF00677E88 = {
						CreatedOnToolsVersion = 12.3;
					};
				};
			};
			buildConfigurationList = 547945032588EBAF00677E88 /* Build configuration list for PBXProject "Scene-Trans01" */;
			compatibilityVersion = "Xcode 9.3";
			developmentRegion = en;
			hasScannedForEncodings = 0;
			knownRegions = (
				en,
				Base,
			);
			mainGroup = 547944FF2588EBAF00677E88;
			productRefGroup = 547945092588EBAF00677E88 /* Products */;
			projectDirPath = "";
			projectRoot = "";
			targets = (
				547945072588EBAF00677E88 /* Scene-Trans01 */,
			);
		};
/* End PBXProject section */

/* Begin PBXResourcesBuildPhase section */
		547945062588EBAF00677E88 /* Resources */ = {
			isa = PBXResourcesBuildPhase;
			buildActionMask = 2147483647;
			files = (
				547945182588EBB000677E88 /* LaunchScreen.storyboard in Resources */,
				547945152588EBB000677E88 /* Assets.xcassets in Resources */,
				547945132588EBAF00677E88 /* Main.storyboard in Resources */,
			);
			runOnlyForDeploymentPostprocessing = 0;
		};
/* End PBXResourcesBuildPhase section */

/* Begin PBXSourcesBuildPhase section */
		547945042588EBAF00677E88 /* Sources */ = {
			isa = PBXSourcesBuildPhase;
			buildActionMask = 2147483647;
			files = (
				54C93809258914E6009D27F1 /* SecondViewController.swift in Sources */,
				547945102588EBAF00677E88 /* ViewController.swift in Sources */,
				5479450C2588EBAF00677E88 /* AppDelegate.swift in Sources */,
				5479450E2588EBAF00677E88 /* SceneDelegate.swift in Sources */,
			);
			runOnlyForDeploymentPostprocessing = 0;
		};
/* End PBXSourcesBuildPhase section */

/* Begin PBXVariantGroup section */
		547945112588EBAF00677E88 /* Main.storyboard */ = {
			isa = PBXVariantGroup;
			children = (
				547945122588EBAF00677E88 /* Base */,
			);
			name = Main.storyboard;
			sourceTree = "<group>";
		};
		547945162588EBB000677E88 /* LaunchScreen.storyboard */ = {
			isa = PBXVariantGroup;
			children = (
				547945172588EBB000677E88 /* Base */,
			);
			name = LaunchScreen.storyboard;
			sourceTree = "<group>";
		};
/* End PBXVariantGroup section */

/* Begin XCBuildConfiguration section */
		5479451A2588EBB000677E88 /* Debug */ = {
			isa = XCBuildConfiguration;
			buildSettings = {
				ALWAYS_SEARCH_USER_PATHS = NO;
				CLANG_ANALYZER_NONNULL = YES;
				CLANG_ANALYZER_NUMBER_OBJECT_CONVERSION = YES_AGGRESSIVE;
				CLANG_CXX_LANGUAGE_STANDARD = "gnu++14";
				CLANG_CXX_LIBRARY = "libc++";
				CLANG_ENABLE_MODULES = YES;
				CLANG_ENABLE_OBJC_ARC = YES;
				CLANG_ENABLE_OBJC_WEAK = YES;
				CLANG_WARN_BLOCK_CAPTURE_AUTORELEASING = YES;
				CLANG_WARN_BOOL_CONVERSION = YES;
				CLANG_WARN_COMMA = YES;
				CLANG_WARN_CONSTANT_CONVERSION = YES;
				CLANG_WARN_DEPRECATED_OBJC_IMPLEMENTATIONS = YES;
				CLANG_WARN_DIRECT_OBJC_ISA_USAGE = YES_ERROR;
				CLANG_WARN_DOCUMENTATION_COMMENTS = YES;
				CLANG_WARN_EMPTY_BODY = YES;
				CLANG_WARN_ENUM_CONVERSION = YES;
				CLANG_WARN_INFINITE_RECURSION = YES;
				CLANG_WARN_INT_CONVERSION = YES;
				CLANG_WARN_NON_LITERAL_NULL_CONVERSION = YES;
				CLANG_WARN_OBJC_IMPLICIT_RETAIN_SELF = YES;
				CLANG_WARN_OBJC_LITERAL_CONVERSION = YES;
				CLANG_WARN_OBJC_ROOT_CLASS = YES_ERROR;
				CLANG_WARN_QUOTED_INCLUDE_IN_FRAMEWORK_HEADER = YES;
				CLANG_WARN_RANGE_LOOP_ANALYSIS = YES;
				CLANG_WARN_STRICT_PROTOTYPES = YES;
				CLANG_WARN_SUSPICIOUS_MOVE = YES;
				CLANG_WARN_UNGUARDED_AVAILABILITY = YES_AGGRESSIVE;
				CLANG_WARN_UNREACHABLE_CODE = YES;
				CLANG_WARN__DUPLICATE_METHOD_MATCH = YES;
				COPY_PHASE_STRIP = NO;
				DEBUG_INFORMATION_FORMAT = dwarf;
				ENABLE_STRICT_OBJC_MSGSEND = YES;
				ENABLE_TESTABILITY = YES;
				GCC_C_LANGUAGE_STANDARD = gnu11;
				GCC_DYNAMIC_NO_PIC = NO;
				GCC_NO_COMMON_BLOCKS = YES;
				GCC_OPTIMIZATION_LEVEL = 0;
				GCC_PREPROCESSOR_DEFINITIONS = (
					"DEBUG=1",
					"$(inherited)",
				);
				GCC_WARN_64_TO_32_BIT_CONVERSION = YES;
				GCC_WARN_ABOUT_RETURN_TYPE = YES_ERROR;
				GCC_WARN_UNDECLARED_SELECTOR = YES;
				GCC_WARN_UNINITIALIZED_AUTOS = YES_AGGRESSIVE;
				GCC_WARN_UNUSED_FUNCTION = YES;
				GCC_WARN_UNUSED_VARIABLE = YES;
				IPHONEOS_DEPLOYMENT_TARGET = 14.3;
				MTL_ENABLE_DEBUG_INFO = INCLUDE_SOURCE;
				MTL_FAST_MATH = YES;
				ONLY_ACTIVE_ARCH = YES;
				SDKROOT = iphoneos;
				SWIFT_ACTIVE_COMPILATION_CONDITIONS = DEBUG;
				SWIFT_OPTIMIZATION_LEVEL = "-Onone";
			};
			name = Debug;
		};
		5479451B2588EBB000677E88 /* Release */ = {
			isa = XCBuildConfiguration;
			buildSettings = {
				ALWAYS_SEARCH_USER_PATHS = NO;
				CLANG_ANALYZER_NONNULL = YES;
				CLANG_ANALYZER_NUMBER_OBJECT_CONVERSION = YES_AGGRESSIVE;
				CLANG_CXX_LANGUAGE_STANDARD = "gnu++14";
				CLANG_CXX_LIBRARY = "libc++";
				CLANG_ENABLE_MODULES = YES;
				CLANG_ENABLE_OBJC_ARC = YES;
				CLANG_ENABLE_OBJC_WEAK = YES;
				CLANG_WARN_BLOCK_CAPTURE_AUTORELEASING = YES;
				CLANG_WARN_BOOL_CONVERSION = YES;
				CLANG_WARN_COMMA = YES;
				CLANG_WARN_CONSTANT_CONVERSION = YES;
				CLANG_WARN_DEPRECATED_OBJC_IMPLEMENTATIONS = YES;
				CLANG_WARN_DIRECT_OBJC_ISA_USAGE = YES_ERROR;
				CLANG_WARN_DOCUMENTATION_COMMENTS = YES;
				CLANG_WARN_EMPTY_BODY = YES;
				CLANG_WARN_ENUM_CONVERSION = YES;
				CLANG_WARN_INFINITE_RECURSION = YES;
				CLANG_WARN_INT_CONVERSION = YES;
				CLANG_WARN_NON_LITERAL_NULL_CONVERSION = YES;
				CLANG_WARN_OBJC_IMPLICIT_RETAIN_SELF = YES;
				CLANG_WARN_OBJC_LITERAL_CONVERSION = YES;
				CLANG_WARN_OBJC_ROOT_CLASS = YES_ERROR;
				CLANG_WARN_QUOTED_INCLUDE_IN_FRAMEWORK_HEADER = YES;
				CLANG_WARN_RANGE_LOOP_ANALYSIS = YES;
				CLANG_WARN_STRICT_PROTOTYPES = YES;
				CLANG_WARN_SUSPICIOUS_MOVE = YES;
				CLANG_WARN_UNGUARDED_AVAILABILITY = YES_AGGRESSIVE;
				CLANG_WARN_UNREACHABLE_CODE = YES;
				CLANG_WARN__DUPLICATE_METHOD_MATCH = YES;
				COPY_PHASE_STRIP = NO;
				DEBUG_INFORMATION_FORMAT = "dwarf-with-dsym";
				ENABLE_NS_ASSERTIONS = NO;
				ENABLE_STRICT_OBJC_MSGSEND = YES;
				GCC_C_LANGUAGE_STANDARD = gnu11;
				GCC_NO_COMMON_BLOCKS = YES;
				GCC_WARN_64_TO_32_BIT_CONVERSION = YES;
				GCC_WARN_ABOUT_RETURN_TYPE = YES_ERROR;
				GCC_WARN_UNDECLARED_SELECTOR = YES;
				GCC_WARN_UNINITIALIZED_AUTOS = YES_AGGRESSIVE;
				GCC_WARN_UNUSED_FUNCTION = YES;
				GCC_WARN_UNUSED_VARIABLE = YES;
				IPHONEOS_DEPLOYMENT_TARGET = 14.3;
				MTL_ENABLE_DEBUG_INFO = NO;
				MTL_FAST_MATH = YES;
				SDKROOT = iphoneos;
				SWIFT_COMPILATION_MODE = wholemodule;
				SWIFT_OPTIMIZATION_LEVEL = "-O";
				VALIDATE_PRODUCT = YES;
			};
			name = Release;
		};
		5479451D2588EBB000677E88 /* Debug */ = {
			isa = XCBuildConfiguration;
			buildSettings = {
				ASSETCATALOG_COMPILER_APPICON_NAME = AppIcon;
				ASSETCATALOG_COMPILER_GLOBAL_ACCENT_COLOR_NAME = AccentColor;
				CODE_SIGN_STYLE = Automatic;
				INFOPLIST_FILE = "Scene-Trans01/Info.plist";
				LD_RUNPATH_SEARCH_PATHS = (
					"$(inherited)",
					"@executable_path/Frameworks",
				);
				PRODUCT_BUNDLE_IDENTIFIER = "com.sunghun.Scene-Trans01";
				PRODUCT_NAME = "$(TARGET_NAME)";
				SWIFT_VERSION = 5.0;
				TARGETED_DEVICE_FAMILY = 1;
			};
			name = Debug;
		};
		5479451E2588EBB000677E88 /* Release */ = {
			isa = XCBuildConfiguration;
			buildSettings = {
				ASSETCATALOG_COMPILER_APPICON_NAME = AppIcon;
				ASSETCATALOG_COMPILER_GLOBAL_ACCENT_COLOR_NAME = AccentColor;
				CODE_SIGN_STYLE = Automatic;
				INFOPLIST_FILE = "Scene-Trans01/Info.plist";
				LD_RUNPATH_SEARCH_PATHS = (
					"$(inherited)",
					"@executable_path/Frameworks",
				);
				PRODUCT_BUNDLE_IDENTIFIER = "com.sunghun.Scene-Trans01";
				PRODUCT_NAME = "$(TARGET_NAME)";
				SWIFT_VERSION = 5.0;
				TARGETED_DEVICE_FAMILY = 1;
			};
			name = Release;
		};
/* End XCBuildConfiguration section */

/* Begin XCConfigurationList section */
		547945032588EBAF00677E88 /* Build configuration list for PBXProject "Scene-Trans01" */ = {
			isa = XCConfigurationList;
			buildConfigurations = (
				5479451A2588EBB000677E88 /* Debug */,
				5479451B2588EBB000677E88 /* Release */,
			);
			defaultConfigurationIsVisible = 0;
			defaultConfigurationName = Release;
		};
		5479451C2588EBB000677E88 /* Build configuration list for PBXNativeTarget "Scene-Trans01" */ = {
			isa = XCConfigurationList;
			buildConfigurations = (
				5479451D2588EBB000677E88 /* Debug */,
				5479451E2588EBB000677E88 /* Release */,
			);
			defaultConfigurationIsVisible = 0;
			defaultConfigurationName = Release;
		};
/* End XCConfigurationList section */
	};
	rootObject = 547945002588EBAF00677E88 /* Project object */;
}
